
Microsoft Visual Studio Solution File, Format Version 12.00
# Visual Studio Version 16
VisualStudioVersion = 16.0.29326.143
MinimumVisualStudioVersion = 10.0.40219.1
Project("{FAE04EC0-301F-11D3-BF4B-00C04F79EFBC}") = "Testing", "Testing\Testing.csproj", "{500AE378-CBE0-4A09-BEB1-BE3522E9EBF5}"
EndProject
Global
	GlobalSection(SolutionConfigurationPlatforms) = preSolution
		Debug|Any CPU = Debug|Any CPU
		Release|Any CPU = Release|Any CPU
	EndGlobalSection
	GlobalSection(ProjectConfigurationPlatforms) = postSolution
		{500AE378-CBE0-4A09-BEB1-BE3522E9EBF5}.Debug|Any CPU.ActiveCfg = Debug|Any CPU
		{500AE378-CBE0-4A09-BEB1-BE3522E9EBF5}.Debug|Any CPU.Build.0 = Debug|Any CPU
		{500AE378-CBE0-4A09-BEB1-BE3522E9EBF5}.Release|Any CPU.ActiveCfg = Release|Any CPU
		{500AE378-CBE0-4A09-BEB1-BE3522E9EBF5}.Release|Any CPU.Build.0 = Release|Any CPU
	EndGlobalSection
	GlobalSection(SolutionProperties) = preSolution
		HideSolutionNode = FALSE
	EndGlobalSection
	GlobalSection(ExtensibilityGlobals) = postSolution
		SolutionGuid = {DF978B75-9210-4CF6-9835-0649C5216AF6}
	EndGlobalSection
EndGlobal
